
Microsoft Visual Studio Solution File, Format Version 12.00
# Visual Studio Version 16
VisualStudioVersion = 16.0.28803.202
MinimumVisualStudioVersion = 10.0.40219.1
Project("{FAE04EC0-301F-11D3-BF4B-00C04F79EFBC}") = "ProjectsInSolutionFolder", "ProjectsInSolutionFolder\ProjectsInSolutionFolder.csproj", "{46D10047-A9BB-48E5-AA1D-9DFA3A547454}"
EndProject
Global
	GlobalSection(SolutionConfigurationPlatforms) = preSolution
		Debug|Any CPU = Debug|Any CPU
		Release|Any CPU = Release|Any CPU
	EndGlobalSection
	GlobalSection(ProjectConfigurationPlatforms) = postSolution
		{46D10047-A9BB-48E5-AA1D-9DFA3A547454}.Debug|Any CPU.ActiveCfg = Debug|Any CPU
		{46D10047-A9BB-48E5-AA1D-9DFA3A547454}.Debug|Any CPU.Build.0 = Debug|Any CPU
		{46D10047-A9BB-48E5-AA1D-9DFA3A547454}.Release|Any CPU.ActiveCfg = Release|Any CPU
		{46D10047-A9BB-48E5-AA1D-9DFA3A547454}.Release|Any CPU.Build.0 = Release|Any CPU
	EndGlobalSection
	GlobalSection(SolutionProperties) = preSolution
		HideSolutionNode = FALSE
	EndGlobalSection
	GlobalSection(ExtensibilityGlobals) = postSolution
		SolutionGuid = {6CD09A28-FA23-4EE2-B06C-331BBCAB6B19}
	EndGlobalSection
EndGlobal
